
Microsoft Visual Studio Solution File, Format Version 12.00
Project("{FAE04EC0-301F-11D3-BF4B-00C04F79EFBC}") = "FirstFunctions", "FirstFunctions\FirstFunctions.csproj", "{ACABC311-42C5-454A-92D1-4F496F816894}"
EndProject
Global
	GlobalSection(SolutionConfigurationPlatforms) = preSolution
		Debug|Any CPU = Debug|Any CPU
		Release|Any CPU = Release|Any CPU
	EndGlobalSection
	GlobalSection(ProjectConfigurationPlatforms) = postSolution
		{ACABC311-42C5-454A-92D1-4F496F816894}.Debug|Any CPU.ActiveCfg = Debug|Any CPU
		{ACABC311-42C5-454A-92D1-4F496F816894}.Debug|Any CPU.Build.0 = Debug|Any CPU
		{ACABC311-42C5-454A-92D1-4F496F816894}.Release|Any CPU.ActiveCfg = Release|Any CPU
		{ACABC311-42C5-454A-92D1-4F496F816894}.Release|Any CPU.Build.0 = Release|Any CPU
	EndGlobalSection
EndGlobal
